
Microsoft Visual Studio Solution File, Format Version 12.00
# Visual Studio Version 17
VisualStudioVersion = 17.5.33502.453
MinimumVisualStudioVersion = 10.0.40219.1
Project("{FAE04EC0-301F-11D3-BF4B-00C04F79EFBC}") = "SalesWebMvc", "SalesWebMvc\SalesWebMvc.csproj", "{FED7E520-B31F-45DE-BE9D-ECF7D5731EF5}"
EndProject
Global
	GlobalSection(SolutionConfigurationPlatforms) = preSolution
		Debug|Any CPU = Debug|Any CPU
		Release|Any CPU = Release|Any CPU
	EndGlobalSection
	GlobalSection(ProjectConfigurationPlatforms) = postSolution
		{FED7E520-B31F-45DE-BE9D-ECF7D5731EF5}.Debug|Any CPU.ActiveCfg = Debug|Any CPU
		{FED7E520-B31F-45DE-BE9D-ECF7D5731EF5}.Debug|Any CPU.Build.0 = Debug|Any CPU
		{FED7E520-B31F-45DE-BE9D-ECF7D5731EF5}.Release|Any CPU.ActiveCfg = Release|Any CPU
		{FED7E520-B31F-45DE-BE9D-ECF7D5731EF5}.Release|Any CPU.Build.0 = Release|Any CPU
	EndGlobalSection
	GlobalSection(SolutionProperties) = preSolution
		HideSolutionNode = FALSE
	EndGlobalSection
	GlobalSection(ExtensibilityGlobals) = postSolution
		SolutionGuid = {E56AB501-5D95-4126-AF29-D585917EE324}
	EndGlobalSection
EndGlobal
